
Microsoft Visual Studio Solution File, Format Version 12.00
# Visual Studio Version 17
VisualStudioVersion = 17.6.33723.286
MinimumVisualStudioVersion = 10.0.40219.1
Project("{FAE04EC0-301F-11D3-BF4B-00C04F79EFBC}") = "Verkehrskontrolle", "Verkehrskontrolle.csproj", "{F187B6B2-9929-4784-A9EC-FC46890144FD}"
EndProject
Global
	GlobalSection(SolutionConfigurationPlatforms) = preSolution
		Debug|Any CPU = Debug|Any CPU
		Release|Any CPU = Release|Any CPU
	EndGlobalSection
	GlobalSection(ProjectConfigurationPlatforms) = postSolution
		{F187B6B2-9929-4784-A9EC-FC46890144FD}.Debug|Any CPU.ActiveCfg = Debug|Any CPU
		{F187B6B2-9929-4784-A9EC-FC46890144FD}.Debug|Any CPU.Build.0 = Debug|Any CPU
		{F187B6B2-9929-4784-A9EC-FC46890144FD}.Release|Any CPU.ActiveCfg = Release|Any CPU
		{F187B6B2-9929-4784-A9EC-FC46890144FD}.Release|Any CPU.Build.0 = Release|Any CPU
	EndGlobalSection
	GlobalSection(SolutionProperties) = preSolution
		HideSolutionNode = FALSE
	EndGlobalSection
	GlobalSection(ExtensibilityGlobals) = postSolution
		SolutionGuid = {462442F1-E1FC-4671-AEE6-C479CAA202E0}
	EndGlobalSection
EndGlobal
